
Microsoft Visual Studio Solution File, Format Version 12.00
# Visual Studio 2015
Project("{FAE04EC0-301F-11D3-BF4B-00C04F79EFBC}") = "vive2", "vive2.csproj", "{1C013F45-71DC-6390-5928-6B21BBC5D03A}"
EndProject
Project("{FAE04EC0-301F-11D3-BF4B-00C04F79EFBC}") = "vive2.Editor", "vive2.Editor.csproj", "{6024BCE3-5E75-EF8F-BC93-880CDEE24108}"
EndProject
Global
	GlobalSection(SolutionConfigurationPlatforms) = preSolution
		Debug|Any CPU = Debug|Any CPU
		Release|Any CPU = Release|Any CPU
	EndGlobalSection
	GlobalSection(ProjectConfigurationPlatforms) = postSolution
		{1C013F45-71DC-6390-5928-6B21BBC5D03A}.Debug|Any CPU.ActiveCfg = Debug|Any CPU
		{1C013F45-71DC-6390-5928-6B21BBC5D03A}.Debug|Any CPU.Build.0 = Debug|Any CPU
		{1C013F45-71DC-6390-5928-6B21BBC5D03A}.Release|Any CPU.ActiveCfg = Release|Any CPU
		{1C013F45-71DC-6390-5928-6B21BBC5D03A}.Release|Any CPU.Build.0 = Release|Any CPU
		{6024BCE3-5E75-EF8F-BC93-880CDEE24108}.Debug|Any CPU.ActiveCfg = Debug|Any CPU
		{6024BCE3-5E75-EF8F-BC93-880CDEE24108}.Debug|Any CPU.Build.0 = Debug|Any CPU
		{6024BCE3-5E75-EF8F-BC93-880CDEE24108}.Release|Any CPU.ActiveCfg = Release|Any CPU
		{6024BCE3-5E75-EF8F-BC93-880CDEE24108}.Release|Any CPU.Build.0 = Release|Any CPU
	EndGlobalSection
	GlobalSection(SolutionProperties) = preSolution
		HideSolutionNode = FALSE
	EndGlobalSection
EndGlobal
